
Microsoft Visual Studio Solution File, Format Version 12.00
# Visual Studio Version 17
VisualStudioVersion = 17.13.35931.197 d17.13
MinimumVisualStudioVersion = 10.0.40219.1
Project("{FAE04EC0-301F-11D3-BF4B-00C04F79EFBC}") = "TasksETM", "TasksETM\TasksETM.csproj", "{B8CDEA0B-28D3-41DF-8D21-4929E57840DF}"
EndProject
Global
	GlobalSection(SolutionConfigurationPlatforms) = preSolution
		Debug|Any CPU = Debug|Any CPU
		Release|Any CPU = Release|Any CPU
	EndGlobalSection
	GlobalSection(ProjectConfigurationPlatforms) = postSolution
		{B8CDEA0B-28D3-41DF-8D21-4929E57840DF}.Debug|Any CPU.ActiveCfg = Debug|Any CPU
		{B8CDEA0B-28D3-41DF-8D21-4929E57840DF}.Debug|Any CPU.Build.0 = Debug|Any CPU
		{B8CDEA0B-28D3-41DF-8D21-4929E57840DF}.Release|Any CPU.ActiveCfg = Release|Any CPU
		{B8CDEA0B-28D3-41DF-8D21-4929E57840DF}.Release|Any CPU.Build.0 = Release|Any CPU
	EndGlobalSection
	GlobalSection(SolutionProperties) = preSolution
		HideSolutionNode = FALSE
	EndGlobalSection
	GlobalSection(ExtensibilityGlobals) = postSolution
		SolutionGuid = {D35F6EE2-54E3-4602-942B-0CAB66911446}
	EndGlobalSection
EndGlobal
